PODS:
  - contacts_service (0.2.1):
    - Flutter
  - FBAEMKit (12.0.2):
    - FBSDKCoreKit_Basics (= 12.0.2)
  - FBSDKCoreKit (12.0.2):
    - FBAEMKit (= 12.0.2)
    - FBSDKCoreKit_Basics (= 12.0.2)
  - FBSDKCoreKit_Basics (12.0.2)
  - FBSDKLoginKit (12.0.2):
    - FBSDKCoreKit (= 12.0.2)
  - Firebase/CoreOnly (8.9.0):
    - FirebaseCore (= 8.9.0)
  - Firebase/Messaging (8.9.0):
    - Firebase/CoreOnly
    - FirebaseMessaging (~> 8.9.0)
  - firebase_core (1.10.0):
    - Firebase/CoreOnly (= 8.9.0)
    - Flutter
  - firebase_messaging (11.1.0):
    - Firebase/Messaging (= 8.9.0)
    - firebase_core
    - Flutter
  - FirebaseCore (8.9.0):
    - FirebaseCoreDiagnostics (~> 8.0)
    - GoogleUtilities/Environment (~> 7.6)
    - GoogleUtilities/Logger (~> 7.6)
  - FirebaseCoreDiagnostics (8.11.0):
    - GoogleDataTransport (~> 9.1)
    - GoogleUtilities/Environment (~> 7.7)
    - GoogleUtilities/Logger (~> 7.7)
    - nanopb (~> 2.30908.0)
  - FirebaseInstallations (8.11.0):
    - FirebaseCore (~> 8.0)
    - GoogleUtilities/Environment (~> 7.7)
    - GoogleUtilities/UserDefaults (~> 7.7)
    - PromisesObjC (< 3.0, >= 1.2)
  - FirebaseMessaging (8.9.0):
    - FirebaseCore (~> 8.0)
    - FirebaseInstallations (~> 8.0)
    - GoogleDataTransport (~> 9.1)
    - GoogleUtilities/AppDelegateSwizzler (~> 7.6)
    - GoogleUtilities/Environment (~> 7.6)
    - GoogleUtilities/Reachability (~> 7.6)
    - GoogleUtilities/UserDefaults (~> 7.6)
    - nanopb (~> 2.30908.0)
  - Flutter (1.0.0)
  - flutter_facebook_auth (3.5.3):
    - FBSDKCoreKit (~> 12.0.2)
    - FBSDKLoginKit (~> 12.0.2)
    - Flutter
  - flutter_local_notifications (0.0.1):
    - Flutter
  - flutter_web_auth (0.3.1):
    - Flutter
  - GoogleDataTransport (9.1.2):
    - GoogleUtilities/Environment (~> 7.2)
    - nanopb (~> 2.30908.0)
    - PromisesObjC (< 3.0, >= 1.2)
  - GoogleUtilities/AppDelegateSwizzler (7.7.0):
    - GoogleUtilities/Environment
    - GoogleUtilities/Logger
    - GoogleUtilities/Network
  - GoogleUtilities/Environment (7.7.0):
    - PromisesObjC (< 3.0, >= 1.2)
  - GoogleUtilities/Logger (7.7.0):
    - GoogleUtilities/Environment
  - GoogleUtilities/Network (7.7.0):
    - GoogleUtilities/Logger
    - "GoogleUtilities/NSData+zlib"
    - GoogleUtilities/Reachability
  - "GoogleUtilities/NSData+zlib (7.7.0)"
  - GoogleUtilities/Reachability (7.7.0):
    - GoogleUtilities/Logger
  - GoogleUtilities/UserDefaults (7.7.0):
    - GoogleUtilities/Logger
  - kakao_flutter_sdk (0.9.0):
    - Flutter
  - nanopb (2.30908.0):
    - nanopb/decode (= 2.30908.0)
    - nanopb/encode (= 2.30908.0)
  - nanopb/decode (2.30908.0)
  - nanopb/encode (2.30908.0)
  - package_info_plus (0.4.5):
    - Flutter
  - "permission_handler (5.1.0+2)":
    - Flutter
  - PromisesObjC (2.0.0)
  - shared_preferences_ios (0.0.1):
    - Flutter
  - webview_flutter_wkwebview (0.0.1):
    - Flutter

DEPENDENCIES:
  - contacts_service (from `.symlinks/plugins/contacts_service/ios`)
  - firebase_core (from `.symlinks/plugins/firebase_core/ios`)
  - firebase_messaging (from `.symlinks/plugins/firebase_messaging/ios`)
  - Flutter (from `Flutter`)
  - flutter_facebook_auth (from `.symlinks/plugins/flutter_facebook_auth/ios`)
  - flutter_local_notifications (from `.symlinks/plugins/flutter_local_notifications/ios`)
  - flutter_web_auth (from `.symlinks/plugins/flutter_web_auth/ios`)
  - kakao_flutter_sdk (from `.symlinks/plugins/kakao_flutter_sdk/ios`)
  - package_info_plus (from `.symlinks/plugins/package_info_plus/ios`)
  - permission_handler (from `.symlinks/plugins/permission_handler/ios`)
  - shared_preferences_ios (from `.symlinks/plugins/shared_preferences_ios/ios`)
  - webview_flutter_wkwebview (from `.symlinks/plugins/webview_flutter_wkwebview/ios`)

SPEC REPOS:
  trunk:
    - FBAEMKit
    - FBSDKCoreKit
    - FBSDKCoreKit_Basics
    - FBSDKLoginKit
    - Firebase
    - FirebaseCore
    - FirebaseCoreDiagnostics
    - FirebaseInstallations
    - FirebaseMessaging
    - GoogleDataTransport
    - GoogleUtilities
    - nanopb
    - PromisesObjC

EXTERNAL SOURCES:
  contacts_service:
    :path: ".symlinks/plugins/contacts_service/ios"
  firebase_core:
    :path: ".symlinks/plugins/firebase_core/ios"
  firebase_messaging:
    :path: ".symlinks/plugins/firebase_messaging/ios"
  Flutter:
    :path: Flutter
  flutter_facebook_auth:
    :path: ".symlinks/plugins/flutter_facebook_auth/ios"
  flutter_local_notifications:
    :path: ".symlinks/plugins/flutter_local_notifications/ios"
  flutter_web_auth:
    :path: ".symlinks/plugins/flutter_web_auth/ios"
  kakao_flutter_sdk:
    :path: ".symlinks/plugins/kakao_flutter_sdk/ios"
  package_info_plus:
    :path: ".symlinks/plugins/package_info_plus/ios"
  permission_handler:
    :path: ".symlinks/plugins/permission_handler/ios"
  shared_preferences_ios:
    :path: ".symlinks/plugins/shared_preferences_ios/ios"
  webview_flutter_wkwebview:
    :path: ".symlinks/plugins/webview_flutter_wkwebview/ios"

SPEC CHECKSUMS:
  contacts_service: d212985196c101372bb55c42f41dae7be59ab811
  FBAEMKit: c6b8ddf8371640fcd1a3b844d0f8884c8f334cea
  FBSDKCoreKit: 506c0fd1c09a3075f62be8fa36bdd921c563daa9
  FBSDKCoreKit_Basics: c0701d1634c944d60dd3c6361d66dbd0e707a456
  FBSDKLoginKit: d7c9f6ddff20d7b04c94d1f1f065dc7a441d44a0
  Firebase: 13d8d96499e2635428d5bf0ec675df21f95d9a95
  firebase_core: f770e033e790657b3505f04be4cb24c482912f11
  firebase_messaging: 0c8d1a1732487db7f332fb65232053e93201e2fb
  FirebaseCore: 599ee609343eaf4941bd188f85e3aa077ffe325b
  FirebaseCoreDiagnostics: 64d9709d804a6c25bd77841371c1fcfd909d5601
  FirebaseInstallations: 044eede8a049bce71c4541ee68d6e4364fcbe774
  FirebaseMessaging: 82c4a48638f53f7b184f3cc9f6cd2cbe533ab316
  Flutter: 50d75fe2f02b26cc09d224853bb45737f8b3214a
  flutter_facebook_auth: 5638a1a8cc23016ec6f72945ba879f4482870c69
  flutter_local_notifications: 0c0b1ae97e741e1521e4c1629a459d04b9aec743
  flutter_web_auth: eae2fc62b97d9a44c5c2a1ed0404a6ce396e3d7f
  GoogleDataTransport: 629c20a4d363167143f30ea78320d5a7eb8bd940
  GoogleUtilities: e0913149f6b0625b553d70dae12b49fc62914fd1
  kakao_flutter_sdk: bb7397452b15fb550037aea8e6d347143488af71
  nanopb: a0ba3315591a9ae0a16a309ee504766e90db0c96
  package_info_plus: 6c92f08e1f853dc01228d6f553146438dafcd14e
  permission_handler: ccb20a9fad0ee9b1314a52b70b76b473c5f8dab0
  PromisesObjC: 68159ce6952d93e17b2dfe273b8c40907db5ba58
  shared_preferences_ios: aef470a42dc4675a1cdd50e3158b42e3d1232b32
  webview_flutter_wkwebview: 02b129c6fe415e58e4ab7346512c8c2f79f678db

PODFILE CHECKSUM: 590f1b953609e07549d62f8b658128481448b0e3

COCOAPODS: 1.11.2
